
Microsoft Visual Studio Solution File, Format Version 12.00
Project("{FAE04EC0-301F-11D3-BF4B-00C04F79EFBC}") = "Boardium", "Boardium\Boardium.csproj", "{2CE491CF-573E-4C68-BAC9-B3544E35F415}"
EndProject
Project("{2150E333-8FDC-42A3-9474-1A3956D46DE8}") = "Solution Items", "Solution Items", "{CDA8AEAB-A1EA-4F9C-BB47-5AD40D718F3B}"
	ProjectSection(SolutionItems) = preProject
		compose.yaml = compose.yaml
	EndProjectSection
EndProject
Global
	GlobalSection(SolutionConfigurationPlatforms) = preSolution
		Debug|Any CPU = Debug|Any CPU
		Release|Any CPU = Release|Any CPU
	EndGlobalSection
	GlobalSection(ProjectConfigurationPlatforms) = postSolution
		{2CE491CF-573E-4C68-BAC9-B3544E35F415}.Debug|Any CPU.ActiveCfg = Debug|Any CPU
		{2CE491CF-573E-4C68-BAC9-B3544E35F415}.Debug|Any CPU.Build.0 = Debug|Any CPU
		{2CE491CF-573E-4C68-BAC9-B3544E35F415}.Release|Any CPU.ActiveCfg = Release|Any CPU
		{2CE491CF-573E-4C68-BAC9-B3544E35F415}.Release|Any CPU.Build.0 = Release|Any CPU
	EndGlobalSection
EndGlobal
